// !$*UTF8*$!
{
	archiveVersion = 1;
	classes = {
	};
	objectVersion = 77;
	objects = {

/* Begin PBXContainerItemProxy section */
		E5B8C2CB3061FC99004C3ACE /* PBXContainerItemProxy */ = {
			isa = PBXContainerItemProxy;
			containerPortal = E5B8C2B03061FC96004C3ACE /* Project object */;
			proxyType = 1;
			remoteGlobalIDString = E5B8C2B73061FC96004C3ACE;
			remoteInfo = "Ios Capstone Group 4";
		};
		E5B8C2D53061FC99004C3ACE /* PBXContainerItemProxy */ = {
			isa = PBXContainerItemProxy;
			containerPortal = E5B8C2B03061FC96004C3ACE /* Project object */;
			proxyType = 1;
			remoteGlobalIDString = E5B8C2B73061FC96004C3ACE;
			remoteInfo = "Ios Capstone Group 4";
		};
/* End PBXContainerItemProxy section */

/* Begin PBXFileReference section */
		E5B8C2B83061FC96004C3ACE /* Ios Capstone Group 4.app */ = {isa = PBXFileReference; explicitFileType = wrapper.application; includeInIndex = 0; path = "Ios Capstone Group 4.app"; sourceTree = BUILT_PRODUCTS_DIR; };
		E5B8C2CA3061FC99004C3ACE /* Ios Capstone Group 4Tests.xctest */ = {isa = PBXFileReference; explicitFileType = wrapper.cfbundle; includeInIndex = 0; path = "Ios Capstone Group 4Tests.xctest"; sourceTree = BUILT_PRODUCTS_DIR; };
		E5B8C2D43061FC99004C3ACE /* Ios Capstone Group 4UITests.xctest */ = {isa = PBXFileReference; explicitFileType = wrapper.cfbundle; includeInIndex = 0; path = "Ios Capstone Group 4UITests.xctest"; sourceTree = BUILT_PRODUCTS_DIR; };
/* End PBXFileReference section */

/* Begin PBXFileSystemSynchronizedRootGroup section */
		E5B8C2BA3061FC96004C3ACE /* Ios Capstone Group 4 */ = {
			isa = PBXFileSystemSynchronizedRootGroup;
			path = "Ios Capstone Group 4";
			sourceTree = "<group>";
		};
		E5B8C2CD3061FC99004C3ACE /* Ios Capstone Group 4Tests */ = {
			isa = PBXFileSystemSynchronizedRootGroup;
			path = "Ios Capstone Group 4Tests";
			sourceTree = "<group>";
		};
		E5B8C2D73061FC99004C3ACE /* Ios Capstone Group 4UITests */ = {
			isa = PBXFileSystemSynchronizedRootGroup;
			path = "Ios Capstone Group 4UITests";
			sourceTree = "<group>";
		};
/* End PBXFileSystemSynchronizedRootGroup section */

/* Begin PBXFrameworksBuildPhase section */
		E5B8C2B53061FC96004C3ACE /* Frameworks */ = {
			isa = PBXFrameworksBuildPhase;
			buildActionMask = 2147483647;
			files = (
			);
			runOnlyForDeploymentPostprocessing = 0;
		};
		E5B8C2C73061FC99004C3ACE /* Frameworks */ = {
			isa = PBXFrameworksBuildPhase;
			buildActionMask = 2147483647;
			files = (
			);
			runOnlyForDeploymentPostprocessing = 0;
		};
		E5B8C2D13061FC99004C3ACE /* Frameworks */ = {
			isa = PBXFrameworksBuildPhase;
			buildActionMask = 2147483647;
			files = (
			);
			runOnlyForDeploymentPostprocessing = 0;
		};
/* End PBXFrameworksBuildPhase section */

/* Begin PBXGroup section */
		E5B8C2AF3061FC96004C3ACE = {
			isa = PBXGroup;
			children = (
				E5B8C2BA3061FC96004C3ACE /* Ios Capstone Group 4 */,
				E5B8C2CD3061FC99004C3ACE /* Ios Capstone Group 4Tests */,
				E5B8C2D73061FC99004C3ACE /* Ios Capstone Group 4UITests */,
				E5B8C2B93061FC96004C3ACE /* Products */,
			);
			sourceTree = "<group>";
		};
		E5B8C2B93061FC96004C3ACE /* Products */ = {
			isa = PBXGroup;
			children = (
				E5B8C2B83061FC96004C3ACE /* Ios Capstone Group 4.app */,
				E5B8C2CA3061FC99004C3ACE /* Ios Capstone Group 4Tests.xctest */,
				E5B8C2D43061FC99004C3ACE /* Ios Capstone Group 4UITests.xctest */,
			);
			name = Products;
			sourceTree = "<group>";
		};
/* End PBXGroup section */

/* Begin PBXNativeTarget section */
		E5B8C2B73061FC96004C3ACE /* Ios Capstone Group 4 */ = {
			isa = PBXNativeTarget;
			buildConfigurationList = E5B8C2DE3061FC99004C3ACE /* Build configuration list for PBXNativeTarget "Ios Capstone Group 4" */;
			buildPhases = (
				E5B8C2B43061FC96004C3ACE /* Sources */,
				E5B8C2B53061FC96004C3ACE /* Frameworks */,
				E5B8C2B63061FC96004C3ACE /* Resources */,
			);
			buildRules = (
			);
			dependencies = (
			);
			fileSystemSynchronizedGroups = (
				E5B8C2BA3061FC96004C3ACE /* Ios Capstone Group 4 */,
			);
			name = "Ios Capstone Group 4";
			packageProductDependencies = (
			);
			productName = "Ios Capstone Group 4";
			productReference = E5B8C2B83061FC96004C3ACE /* Ios Capstone Group 4.app */;
			productType = "com.apple.product-type.application";
		};
		E5B8C2C93061FC99004C3ACE /* Ios Capstone Group 4Tests */ = {
			isa = PBXNativeTarget;
			buildConfigurationList = E5B8C2E13061FC99004C3ACE /* Build configuration list for PBXNativeTarget "Ios Capstone Group 4Tests" */;
			buildPhases = (
				E5B8C2C63061FC99004C3ACE /* Sources */,
				E5B8C2C73061FC99004C3ACE /* Frameworks */,
				E5B8C2C83061FC99004C3ACE /* Resources */,
			);
			buildRules = (
			);
			dependencies = (
				E5B8C2CC3061FC99004C3ACE /* PBXTargetDependency */,
			);
			fileSystemSynchronizedGroups = (
				E5B8C2CD3061FC99004C3ACE /* Ios Capstone Group 4Tests */,
			);
			name = "Ios Capstone Group 4Tests";
			packageProductDependencies = (
			);
			productName = "Ios Capstone Group 4Tests";
			productReference = E5B8C2CA3061FC99004C3ACE /* Ios Capstone Group 4Tests.xctest */;
			productType = "com.apple.product-type.bundle.unit-test";
		};
		E5B8C2D33061FC99004C3ACE /* Ios Capstone Group 4UITests */ = {
			isa = PBXNativeTarget;
			buildConfigurationList = E5B8C2E43061FC99004C3ACE /* Build configuration list for PBXNativeTarget "Ios Capstone Group 4UITests" */;
			buildPhases = (
				E5B8C2D03061FC99004C3ACE /* Sources */,
				E5B8C2D13061FC99004C3ACE /* Frameworks */,
				E5B8C2D23061FC99004C3ACE /* Resources */,
			);
			buildRules = (
			);
			dependencies = (
				E5B8C2D63061FC99004C3ACE /* PBXTargetDependency */,
			);
			fileSystemSynchronizedGroups = (
				E5B8C2D73061FC99004C3ACE /* Ios Capstone Group 4UITests */,
			);
			name = "Ios Capstone Group 4UITests";
			packageProductDependencies = (
			);
			productName = "Ios Capstone Group 4UITests";
			productReference = E5B8C2D43061FC99004C3ACE /* Ios Capstone Group 4UITests.xctest */;
			productType = "com.apple.product-type.bundle.ui-testing";
		};
/* End PBXNativeTarget section */

/* Begin PBXProject section */
		E5B8C2B03061FC96004C3ACE /* Project object */ = {
			isa = PBXProject;
			attributes = {
				BuildIndependentTargetsInParallel = 1;
				LastSwiftUpdateCheck = 2660;
				LastUpgradeCheck = 2660;
				TargetAttributes = {
					E5B8C2B73061FC96004C3ACE = {
						CreatedOnToolsVersion = 26.6;
					};
					E5B8C2C93061FC99004C3ACE = {
						CreatedOnToolsVersion = 26.6;
						TestTargetID = E5B8C2B73061FC96004C3ACE;
					};
					E5B8C2D33061FC99004C3ACE = {
						CreatedOnToolsVersion = 26.6;
						TestTargetID = E5B8C2B73061FC96004C3ACE;
					};
				};
			};
			buildConfigurationList = E5B8C2B33061FC96004C3ACE /* Build configuration list for PBXProject "Ios Capstone Group 4" */;
			developmentRegion = en;
			hasScannedForEncodings = 0;
			knownRegions = (
				en,
				Base,
			);
			mainGroup = E5B8C2AF3061FC96004C3ACE;
			minimizedProjectReferenceProxies = 1;
			preferredProjectObjectVersion = 77;
			productRefGroup = E5B8C2B93061FC96004C3ACE /* Products */;
			projectDirPath = "";
			projectRoot = "";
			targets = (
				E5B8C2B73061FC96004C3ACE /* Ios Capstone Group 4 */,
				E5B8C2C93061FC99004C3ACE /* Ios Capstone Group 4Tests */,
				E5B8C2D33061FC99004C3ACE /* Ios Capstone Group 4UITests */,
			);
		};
/* End PBXProject section */

/* Begin PBXResourcesBuildPhase section */
		E5B8C2B63061FC96004C3ACE /* Resources */ = {
			isa = PBXResourcesBuildPhase;
			buildActionMask = 2147483647;
			files = (
			);
			runOnlyForDeploymentPostprocessing = 0;
		};
		E5B8C2C83061FC99004C3ACE /* Resources */ = {
			isa = PBXResourcesBuildPhase;
			buildActionMask = 2147483647;
			files = (
			);
			runOnlyForDeploymentPostprocessing = 0;
		};
		E5B8C2D23061FC99004C3ACE /* Resources */ = {
			isa = PBXResourcesBuildPhase;
			buildActionMask = 2147483647;
			files = (
			);
			runOnlyForDeploymentPostprocessing = 0;
		};
/* End PBXResourcesBuildPhase section */

/* Begin PBXSourcesBuildPhase section */
		E5B8C2B43061FC96004C3ACE /* Sources */ = {
			isa = PBXSourcesBuildPhase;
			buildActionMask = 2147483647;
			files = (
			);
			runOnlyForDeploymentPostprocessing = 0;
		};
		E5B8C2C63061FC99004C3ACE /* Sources */ = {
			isa = PBXSourcesBuildPhase;
			buildActionMask = 2147483647;
			files = (
			);
			runOnlyForDeploymentPostprocessing = 0;
		};
		E5B8C2D03061FC99004C3ACE /* Sources */ = {
			isa = PBXSourcesBuildPhase;
			buildActionMask = 2147483647;
			files = (
			);
			runOnlyForDeploymentPostprocessing = 0;
		};
/* End PBXSourcesBuildPhase section */

/* Begin PBXTargetDependency section */
		E5B8C2CC3061FC99004C3ACE /* PBXTargetDependency */ = {
			isa = PBXTargetDependency;
			target = E5B8C2B73061FC96004C3ACE /* Ios Capstone Group 4 */;
			targetProxy = E5B8C2CB3061FC99004C3ACE /* PBXContainerItemProxy */;
		};
		E5B8C2D63061FC99004C3ACE /* PBXTargetDependency */ = {
			isa = PBXTargetDependency;
			target = E5B8C2B73061FC96004C3ACE /* Ios Capstone Group 4 */;
			targetProxy = E5B8C2D53061FC99004C3ACE /* PBXContainerItemProxy */;
		};
/* End PBXTargetDependency section */

/* Begin XCBuildConfiguration section */
		E5B8C2DC3061FC99004C3ACE /* Debug */ = {
			isa = XCBuildConfiguration;
			buildSettings = {
				ALWAYS_SEARCH_USER_PATHS = NO;
				ASSETCATALOG_COMPILER_GENERATE_SWIFT_ASSET_SYMBOL_EXTENSIONS = YES;
				CLANG_ANALYZER_NONNULL = YES;
				CLANG_ANALYZER_NUMBER_OBJECT_CONVERSION = YES_AGGRESSIVE;
				CLANG_CXX_LANGUAGE_STANDARD = "gnu++20";
				CLANG_ENABLE_MODULES = YES;
				CLANG_ENABLE_OBJC_ARC = YES;
				CLANG_ENABLE_OBJC_WEAK = YES;
				CLANG_WARN_BLOCK_CAPTURE_AUTORELEASING = YES;
				CLANG_WARN_BOOL_CONVERSION = YES;
				CLANG_WARN_COMMA = YES;
				CLANG_WARN_CONSTANT_CONVERSION = YES;
				CLANG_WARN_DEPRECATED_OBJC_IMPLEMENTATIONS = YES;
				CLANG_WARN_DIRECT_OBJC_ISA_USAGE = YES_ERROR;
				CLANG_WARN_DOCUMENTATION_COMMENTS = YES;
				CLANG_WARN_EMPTY_BODY = YES;
				CLANG_WARN_ENUM_CONVERSION = YES;
				CLANG_WARN_INFINITE_RECURSION = YES;
				CLANG_WARN_INT_CONVERSION = YES;
				CLANG_WARN_NON_LITERAL_NULL_CONVERSION = YES;
				CLANG_WARN_OBJC_IMPLICIT_RETAIN_SELF = YES;
				CLANG_WARN_OBJC_LITERAL_CONVERSION = YES;
				CLANG_WARN_OBJC_ROOT_CLASS = YES_ERROR;
				CLANG_WARN_QUOTED_INCLUDE_IN_FRAMEWORK_HEADER = YES;
				CLANG_WARN_RANGE_LOOP_ANALYSIS = YES;
				CLANG_WARN_STRICT_PROTOTYPES = YES;
				CLANG_WARN_SUSPICIOUS_MOVE = YES;
				CLANG_WARN_UNGUARDED_AVAILABILITY = YES_AGGRESSIVE;
				CLANG_WARN_UNREACHABLE_CODE = YES;
				CLANG_WARN__DUPLICATE_METHOD_MATCH = YES;
				COPY_PHASE_STRIP = NO;
				DEBUG_INFORMATION_FORMAT = dwarf;
				ENABLE_STRICT_OBJC_MSGSEND = YES;
				ENABLE_TESTABILITY = YES;
				ENABLE_USER_SCRIPT_SANDBOXING = YES;
				GCC_C_LANGUAGE_STANDARD = gnu17;
				GCC_DYNAMIC_NO_PIC = NO;
				GCC_NO_COMMON_BLOCKS = YES;
				GCC_OPTIMIZATION_LEVEL = 0;
				GCC_PREPROCESSOR_DEFINITIONS = (
					"DEBUG=1",
					"$(inherited)",
				);
				GCC_WARN_64_TO_32_BIT_CONVERSION = YES;
				GCC_WARN_ABOUT_RETURN_TYPE = YES_ERROR;
				GCC_WARN_UNDECLARED_SELECTOR = YES;
				GCC_WARN_UNINITIALIZED_AUTOS = YES_AGGRESSIVE;
				GCC_WARN_UNUSED_FUNCTION = YES;
				GCC_WARN_UNUSED_VARIABLE = YES;
				IPHONEOS_DEPLOYMENT_TARGET = 26.5;
				LOCALIZATION_PREFERS_STRING_CATALOGS = YES;
				MTL_ENABLE_DEBUG_INFO = INCLUDE_SOURCE;
				MTL_FAST_MATH = YES;
				ONLY_ACTIVE_ARCH = YES;
				SDKROOT = iphoneos;
				SWIFT_ACTIVE_COMPILATION_CONDITIONS = "DEBUG $(inherited)";
				SWIFT_OPTIMIZATION_LEVEL = "-Onone";
			};
			name = Debug;
		};
		E5B8C2DD3061FC99004C3ACE /* Release */ = {
			isa = XCBuildConfiguration;
			buildSettings = {
				ALWAYS_SEARCH_USER_PATHS = NO;
				ASSETCATALOG_COMPILER_GENERATE_SWIFT_ASSET_SYMBOL_EXTENSIONS = YES;
				CLANG_ANALYZER_NONNULL = YES;
				CLANG_ANALYZER_NUMBER_OBJECT_CONVERSION = YES_AGGRESSIVE;
				CLANG_CXX_LANGUAGE_STANDARD = "gnu++20";
				CLANG_ENABLE_MODULES = YES;
				CLANG_ENABLE_OBJC_ARC = YES;
				CLANG_ENABLE_OBJC_WEAK = YES;
				CLANG_WARN_BLOCK_CAPTURE_AUTORELEASING = YES;
				CLANG_WARN_BOOL_CONVERSION = YES;
				CLANG_WARN_COMMA = YES;
				CLANG_WARN_CONSTANT_CONVERSION = YES;
				CLANG_WARN_DEPRECATED_OBJC_IMPLEMENTATIONS = YES;
				CLANG_WARN_DIRECT_OBJC_ISA_USAGE = YES_ERROR;
				CLANG_WARN_DOCUMENTATION_COMMENTS = YES;
				CLANG_WARN_EMPTY_BODY = YES;
				CLANG_WARN_ENUM_CONVERSION = YES;
				CLANG_WARN_INFINITE_RECURSION = YES;
				CLANG_WARN_INT_CONVERSION = YES;
				CLANG_WARN_NON_LITERAL_NULL_CONVERSION = YES;
				CLANG_WARN_OBJC_IMPLICIT_RETAIN_SELF = YES;
				CLANG_WARN_OBJC_LITERAL_CONVERSION = YES;
				CLANG_WARN_OBJC_ROOT_CLASS = YES_ERROR;
				CLANG_WARN_QUOTED_INCLUDE_IN_FRAMEWORK_HEADER = YES;
				CLANG_WARN_RANGE_LOOP_ANALYSIS = YES;
				CLANG_WARN_STRICT_PROTOTYPES = YES;
				CLANG_WARN_SUSPICIOUS_MOVE = YES;
				CLANG_WARN_UNGUARDED_AVAILABILITY = YES_AGGRESSIVE;
				CLANG_WARN_UNREACHABLE_CODE = YES;
				CLANG_WARN__DUPLICATE_METHOD_MATCH = YES;
				COPY_PHASE_STRIP = NO;
				DEBUG_INFORMATION_FORMAT = "dwarf-with-dsym";
				ENABLE_NS_ASSERTIONS = NO;
				ENABLE_STRICT_OBJC_MSGSEND = YES;
				ENABLE_USER_SCRIPT_SANDBOXING = YES;
				GCC_C_LANGUAGE_STANDARD = gnu17;
				GCC_NO_COMMON_BLOCKS = YES;
				GCC_WARN_64_TO_32_BIT_CONVERSION = YES;
				GCC_WARN_ABOUT_RETURN_TYPE = YES_ERROR;
				GCC_WARN_UNDECLARED_SELECTOR = YES;
				GCC_WARN_UNINITIALIZED_AUTOS = YES_AGGRESSIVE;
				GCC_WARN_UNUSED_FUNCTION = YES;
				GCC_WARN_UNUSED_VARIABLE = YES;
				IPHONEOS_DEPLOYMENT_TARGET = 26.5;
				LOCALIZATION_PREFERS_STRING_CATALOGS = YES;
				MTL_ENABLE_DEBUG_INFO = NO;
				MTL_FAST_MATH = YES;
				SDKROOT = iphoneos;
				SWIFT_COMPILATION_MODE = wholemodule;
				VALIDATE_PRODUCT = YES;
			};
			name = Release;
		};
		E5B8C2DF3061FC99004C3ACE /* Debug */ = {
			isa = XCBuildConfiguration;
			buildSettings = {
				ASSETCATALOG_COMPILER_APPICON_NAME = AppIcon;
				ASSETCATALOG_COMPILER_GLOBAL_ACCENT_COLOR_NAME = AccentColor;
				CODE_SIGN_STYLE = Automatic;
				CURRENT_PROJECT_VERSION = 1;
				ENABLE_PREVIEWS = YES;
				GENERATE_INFOPLIST_FILE = YES;
				INFOPLIST_KEY_UIApplicationSceneManifest_Generation = YES;
				INFOPLIST_KEY_UIApplicationSupportsIndirectInputEvents = YES;
				INFOPLIST_KEY_UILaunchScreen_Generation = YES;
				INFOPLIST_KEY_UISupportedInterfaceOrientations_iPad = "UIInterfaceOrientationPortrait UIInterfaceOrientationPortraitUpsideDown UIInterfaceOrientationLandscapeLeft UIInterfaceOrientationLandscapeRight";
				INFOPLIST_KEY_UISupportedInterfaceOrientations_iPhone = "UIInterfaceOrientationPortrait UIInterfaceOrientationLandscapeLeft UIInterfaceOrientationLandscapeRight";
				LD_RUNPATH_SEARCH_PATHS = (
					"$(inherited)",
					"@executable_path/Frameworks",
				);
				MARKETING_VERSION = 1.0;
				PRODUCT_BUNDLE_IDENTIFIER = "jamesky.Ios-Capstone-Group-4";
				PRODUCT_NAME = "$(TARGET_NAME)";
				STRING_CATALOG_GENERATE_SYMBOLS = YES;
				SWIFT_APPROACHABLE_CONCURRENCY = YES;
				SWIFT_DEFAULT_ACTOR_ISOLATION = MainActor;
				SWIFT_EMIT_LOC_STRINGS = YES;
				SWIFT_UPCOMING_FEATURE_MEMBER_IMPORT_VISIBILITY = YES;
				SWIFT_VERSION = 5.0;
				TARGETED_DEVICE_FAMILY = "1,2";
			};
			name = Debug;
		};
		E5B8C2E03061FC99004C3ACE /* Release */ = {
			isa = XCBuildConfiguration;
			buildSettings = {
				ASSETCATALOG_COMPILER_APPICON_NAME = AppIcon;
				ASSETCATALOG_COMPILER_GLOBAL_ACCENT_COLOR_NAME = AccentColor;
				CODE_SIGN_STYLE = Automatic;
				CURRENT_PROJECT_VERSION = 1;
				ENABLE_PREVIEWS = YES;
				GENERATE_INFOPLIST_FILE = YES;
				INFOPLIST_KEY_UIApplicationSceneManifest_Generation = YES;
				INFOPLIST_KEY_UIApplicationSupportsIndirectInputEvents = YES;
				INFOPLIST_KEY_UILaunchScreen_Generation = YES;
				INFOPLIST_KEY_UISupportedInterfaceOrientations_iPad = "UIInterfaceOrientationPortrait UIInterfaceOrientationPortraitUpsideDown UIInterfaceOrientationLandscapeLeft UIInterfaceOrientationLandscapeRight";
				INFOPLIST_KEY_UISupportedInterfaceOrientations_iPhone = "UIInterfaceOrientationPortrait UIInterfaceOrientationLandscapeLeft UIInterfaceOrientationLandscapeRight";
				LD_RUNPATH_SEARCH_PATHS = (
					"$(inherited)",
					"@executable_path/Frameworks",
				);
				MARKETING_VERSION = 1.0;
				PRODUCT_BUNDLE_IDENTIFIER = "jamesky.Ios-Capstone-Group-4";
				PRODUCT_NAME = "$(TARGET_NAME)";
				STRING_CATALOG_GENERATE_SYMBOLS = YES;
				SWIFT_APPROACHABLE_CONCURRENCY = YES;
				SWIFT_DEFAULT_ACTOR_ISOLATION = MainActor;
				SWIFT_EMIT_LOC_STRINGS = YES;
				SWIFT_UPCOMING_FEATURE_MEMBER_IMPORT_VISIBILITY = YES;
				SWIFT_VERSION = 5.0;
				TARGETED_DEVICE_FAMILY = "1,2";
			};
			name = Release;
		};
		E5B8C2E23061FC99004C3ACE /* Debug */ = {
			isa = XCBuildConfiguration;
			buildSettings = {
				BUNDLE_LOADER = "$(TEST_HOST)";
				CODE_SIGN_STYLE = Automatic;
				CURRENT_PROJECT_VERSION = 1;
				GENERATE_INFOPLIST_FILE = YES;
				IPHONEOS_DEPLOYMENT_TARGET = 26.5;
				MARKETING_VERSION = 1.0;
				PRODUCT_BUNDLE_IDENTIFIER = "jamesky.Ios-Capstone-Group-4Tests";
				PRODUCT_NAME = "$(TARGET_NAME)";
				STRING_CATALOG_GENERATE_SYMBOLS = NO;
				SWIFT_APPROACHABLE_CONCURRENCY = YES;
				SWIFT_EMIT_LOC_STRINGS = NO;
				SWIFT_UPCOMING_FEATURE_MEMBER_IMPORT_VISIBILITY = YES;
				SWIFT_VERSION = 5.0;
				TARGETED_DEVICE_FAMILY = "1,2";
				TEST_HOST = "$(BUILT_PRODUCTS_DIR)/Ios Capstone Group 4.app/$(BUNDLE_EXECUTABLE_FOLDER_PATH)/Ios Capstone Group 4";
			};
			name = Debug;
		};
		E5B8C2E33061FC99004C3ACE /* Release */ = {
			isa = XCBuildConfiguration;
			buildSettings = {
				BUNDLE_LOADER = "$(TEST_HOST)";
				CODE_SIGN_STYLE = Automatic;
				CURRENT_PROJECT_VERSION = 1;
				GENERATE_INFOPLIST_FILE = YES;
				IPHONEOS_DEPLOYMENT_TARGET = 26.5;
				MARKETING_VERSION = 1.0;
				PRODUCT_BUNDLE_IDENTIFIER = "jamesky.Ios-Capstone-Group-4Tests";
				PRODUCT_NAME = "$(TARGET_NAME)";
				STRING_CATALOG_GENERATE_SYMBOLS = NO;
				SWIFT_APPROACHABLE_CONCURRENCY = YES;
				SWIFT_EMIT_LOC_STRINGS = NO;
				SWIFT_UPCOMING_FEATURE_MEMBER_IMPORT_VISIBILITY = YES;
				SWIFT_VERSION = 5.0;
				TARGETED_DEVICE_FAMILY = "1,2";
				TEST_HOST = "$(BUILT_PRODUCTS_DIR)/Ios Capstone Group 4.app/$(BUNDLE_EXECUTABLE_FOLDER_PATH)/Ios Capstone Group 4";
			};
			name = Release;
		};
		E5B8C2E53061FC99004C3ACE /* Debug */ = {
			isa = XCBuildConfiguration;
			buildSettings = {
				CODE_SIGN_STYLE = Automatic;
				CURRENT_PROJECT_VERSION = 1;
				GENERATE_INFOPLIST_FILE = YES;
				MARKETING_VERSION = 1.0;
				PRODUCT_BUNDLE_IDENTIFIER = "jamesky.Ios-Capstone-Group-4UITests";
				PRODUCT_NAME = "$(TARGET_NAME)";
				STRING_CATALOG_GENERATE_SYMBOLS = NO;
				SWIFT_APPROACHABLE_CONCURRENCY = YES;
				SWIFT_EMIT_LOC_STRINGS = NO;
				SWIFT_UPCOMING_FEATURE_MEMBER_IMPORT_VISIBILITY = YES;
				SWIFT_VERSION = 5.0;
				TARGETED_DEVICE_FAMILY = "1,2";
				TEST_TARGET_NAME = "Ios Capstone Group 4";
			};
			name = Debug;
		};
		E5B8C2E63061FC99004C3ACE /* Release */ = {
			isa = XCBuildConfiguration;
			buildSettings = {
				CODE_SIGN_STYLE = Automatic;
				CURRENT_PROJECT_VERSION = 1;
				GENERATE_INFOPLIST_FILE = YES;
				MARKETING_VERSION = 1.0;
				PRODUCT_BUNDLE_IDENTIFIER = "jamesky.Ios-Capstone-Group-4UITests";
				PRODUCT_NAME = "$(TARGET_NAME)";
				STRING_CATALOG_GENERATE_SYMBOLS = NO;
				SWIFT_APPROACHABLE_CONCURRENCY = YES;
				SWIFT_EMIT_LOC_STRINGS = NO;
				SWIFT_UPCOMING_FEATURE_MEMBER_IMPORT_VISIBILITY = YES;
				SWIFT_VERSION = 5.0;
				TARGETED_DEVICE_FAMILY = "1,2";
				TEST_TARGET_NAME = "Ios Capstone Group 4";
			};
			name = Release;
		};
/* End XCBuildConfiguration section */

/* Begin XCConfigurationList section */
		E5B8C2B33061FC96004C3ACE /* Build configuration list for PBXProject "Ios Capstone Group 4" */ = {
			isa = XCConfigurationList;
			buildConfigurations = (
				E5B8C2DC3061FC99004C3ACE /* Debug */,
				E5B8C2DD3061FC99004C3ACE /* Release */,
			);
			defaultConfigurationIsVisible = 0;
			defaultConfigurationName = Release;
		};
		E5B8C2DE3061FC99004C3ACE /* Build configuration list for PBXNativeTarget "Ios Capstone Group 4" */ = {
			isa = XCConfigurationList;
			buildConfigurations = (
				E5B8C2DF3061FC99004C3ACE /* Debug */,
				E5B8C2E03061FC99004C3ACE /* Release */,
			);
			defaultConfigurationIsVisible = 0;
			defaultConfigurationName = Release;
		};
		E5B8C2E13061FC99004C3ACE /* Build configuration list for PBXNativeTarget "Ios Capstone Group 4Tests" */ = {
			isa = XCConfigurationList;
			buildConfigurations = (
				E5B8C2E23061FC99004C3ACE /* Debug */,
				E5B8C2E33061FC99004C3ACE /* Release */,
			);
			defaultConfigurationIsVisible = 0;
			defaultConfigurationName = Release;
		};
		E5B8C2E43061FC99004C3ACE /* Build configuration list for PBXNativeTarget "Ios Capstone Group 4UITests" */ = {
			isa = XCConfigurationList;
			buildConfigurations = (
				E5B8C2E53061FC99004C3ACE /* Debug */,
				E5B8C2E63061FC99004C3ACE /* Release */,
			);
			defaultConfigurationIsVisible = 0;
			defaultConfigurationName = Release;
		};
/* End XCConfigurationList section */
	};
	rootObject = E5B8C2B03061FC96004C3ACE /* Project object */;
}
